
Microsoft Visual Studio Solution File, Format Version 12.00
# Visual Studio 15
VisualStudioVersion = 15.0.28010.2036
MinimumVisualStudioVersion = 10.0.40219.1
Project("{FAE04EC0-301F-11D3-BF4B-00C04F79EFBC}") = "ais", "ais.csproj", "{FEA8A4FF-CDDE-49B9-BE80-DFFDAC891A29}"
EndProject
Global
	GlobalSection(SolutionConfigurationPlatforms) = preSolution
		Debug|Any CPU = Debug|Any CPU
		Release|Any CPU = Release|Any CPU
	EndGlobalSection
	GlobalSection(ProjectConfigurationPlatforms) = postSolution
		{FEA8A4FF-CDDE-49B9-BE80-DFFDAC891A29}.Debug|Any CPU.ActiveCfg = Debug|Any CPU
		{FEA8A4FF-CDDE-49B9-BE80-DFFDAC891A29}.Debug|Any CPU.Build.0 = Debug|Any CPU
		{FEA8A4FF-CDDE-49B9-BE80-DFFDAC891A29}.Release|Any CPU.ActiveCfg = Release|Any CPU
		{FEA8A4FF-CDDE-49B9-BE80-DFFDAC891A29}.Release|Any CPU.Build.0 = Release|Any CPU
	EndGlobalSection
	GlobalSection(SolutionProperties) = preSolution
		HideSolutionNode = FALSE
	EndGlobalSection
	GlobalSection(ExtensibilityGlobals) = postSolution
		SolutionGuid = {B99951F8-9312-4991-BA57-5ED14F5D8BF9}
	EndGlobalSection
EndGlobal
